
Microsoft Visual Studio Solution File, Format Version 12.00
# Visual Studio Version 16
VisualStudioVersion = 16.0.31702.278
MinimumVisualStudioVersion = 10.0.40219.1
Project("{9A19103F-16F7-4668-BE54-9A1E7A4F7556}") = "01.DayOfWeek", "ConditionalStatementsAdvanced-Lab\01.DayOfWeek.csproj", "{942953E9-5866-42AD-A1A7-68CB760041B9}"
EndProject
Project("{9A19103F-16F7-4668-BE54-9A1E7A4F7556}") = "02.WeekendOrWorkingDay", "02.WeekendOrWorkingDay\02.WeekendOrWorkingDay.csproj", "{6045238D-92CC-44AE-B08F-7D55C12388BB}"
EndProject
Project("{9A19103F-16F7-4668-BE54-9A1E7A4F7556}") = "03.AnimalType", "03.AnimalType\03.AnimalType.csproj", "{F38F1B08-0D40-44E8-BCAA-27266DEEBBE4}"
EndProject
Project("{9A19103F-16F7-4668-BE54-9A1E7A4F7556}") = "04.PersonalTitles", "04.PersonalTitles\04.PersonalTitles.csproj", "{4CEBD783-B454-41FA-A17A-65292BB11B31}"
EndProject
Project("{9A19103F-16F7-4668-BE54-9A1E7A4F7556}") = "05.SmallShop", "05.SmallShop\05.SmallShop.csproj", "{426E7778-6C33-4FFD-B685-61749A84227A}"
EndProject
Project("{9A19103F-16F7-4668-BE54-9A1E7A4F7556}") = "06.NumberInRange", "06.NumberInRange\06.NumberInRange.csproj", "{BCEC4999-CAD9-4352-A5EB-16F1DDDE5EBA}"
EndProject
Project("{9A19103F-16F7-4668-BE54-9A1E7A4F7556}") = "07.WorkingHours", "07.WorkingHours\07.WorkingHours.csproj", "{F62BACC1-CDEB-41EA-A44A-695247A9E161}"
EndProject
Project("{9A19103F-16F7-4668-BE54-9A1E7A4F7556}") = "08.CinemaTicket", "08.CinemaTicket\08.CinemaTicket.csproj", "{0D7FB9D1-8BB3-49F8-ACBA-1D39AA366663}"
EndProject
Project("{9A19103F-16F7-4668-BE54-9A1E7A4F7556}") = "09.FruitOrVegetable", "09.FruitOrVegetable\09.FruitOrVegetable.csproj", "{C88F2141-7C02-47E3-9875-7972F10F5FA7}"
EndProject
Project("{9A19103F-16F7-4668-BE54-9A1E7A4F7556}") = "10.InvalidNumber", "10.InvalidNumber\10.InvalidNumber.csproj", "{6ED02132-CF15-42C3-A8D6-DE33FCB037DD}"
EndProject
Project("{FAE04EC0-301F-11D3-BF4B-00C04F79EFBC}") = "11.FruitShop", "11.FruitShop\11.FruitShop.csproj", "{D6FE3350-7079-41D4-9CC6-C0A7D5122A8B}"
EndProject
Project("{FAE04EC0-301F-11D3-BF4B-00C04F79EFBC}") = "12.TradeCommissions", "12.TradeCommissions\12.TradeCommissions.csproj", "{5FCDB862-9F9C-4BCC-AFAC-DC97E180EFC5}"
EndProject
Global
	GlobalSection(SolutionConfigurationPlatforms) = preSolution
		Debug|Any CPU = Debug|Any CPU
		Release|Any CPU = Release|Any CPU
	EndGlobalSection
	GlobalSection(ProjectConfigurationPlatforms) = postSolution
		{942953E9-5866-42AD-A1A7-68CB760041B9}.Debug|Any CPU.ActiveCfg = Debug|Any CPU
		{942953E9-5866-42AD-A1A7-68CB760041B9}.Debug|Any CPU.Build.0 = Debug|Any CPU
		{942953E9-5866-42AD-A1A7-68CB760041B9}.Release|Any CPU.ActiveCfg = Release|Any CPU
		{942953E9-5866-42AD-A1A7-68CB760041B9}.Release|Any CPU.Build.0 = Release|Any CPU
		{6045238D-92CC-44AE-B08F-7D55C12388BB}.Debug|Any CPU.ActiveCfg = Debug|Any CPU
		{6045238D-92CC-44AE-B08F-7D55C12388BB}.Debug|Any CPU.Build.0 = Debug|Any CPU
		{6045238D-92CC-44AE-B08F-7D55C12388BB}.Release|Any CPU.ActiveCfg = Release|Any CPU
		{6045238D-92CC-44AE-B08F-7D55C12388BB}.Release|Any CPU.Build.0 = Release|Any CPU
		{F38F1B08-0D40-44E8-BCAA-27266DEEBBE4}.Debug|Any CPU.ActiveCfg = Debug|Any CPU
		{F38F1B08-0D40-44E8-BCAA-27266DEEBBE4}.Debug|Any CPU.Build.0 = Debug|Any CPU
		{F38F1B08-0D40-44E8-BCAA-27266DEEBBE4}.Release|Any CPU.ActiveCfg = Release|Any CPU
		{F38F1B08-0D40-44E8-BCAA-27266DEEBBE4}.Release|Any CPU.Build.0 = Release|Any CPU
		{4CEBD783-B454-41FA-A17A-65292BB11B31}.Debug|Any CPU.ActiveCfg = Debug|Any CPU
		{4CEBD783-B454-41FA-A17A-65292BB11B31}.Debug|Any CPU.Build.0 = Debug|Any CPU
		{4CEBD783-B454-41FA-A17A-65292BB11B31}.Release|Any CPU.ActiveCfg = Release|Any CPU
		{4CEBD783-B454-41FA-A17A-65292BB11B31}.Release|Any CPU.Build.0 = Release|Any CPU
		{426E7778-6C33-4FFD-B685-61749A84227A}.Debug|Any CPU.ActiveCfg = Debug|Any CPU
		{426E7778-6C33-4FFD-B685-61749A84227A}.Debug|Any CPU.Build.0 = Debug|Any CPU
		{426E7778-6C33-4FFD-B685-61749A84227A}.Release|Any CPU.ActiveCfg = Release|Any CPU
		{426E7778-6C33-4FFD-B685-61749A84227A}.Release|Any CPU.Build.0 = Release|Any CPU
		{BCEC4999-CAD9-4352-A5EB-16F1DDDE5EBA}.Debug|Any CPU.ActiveCfg = Debug|Any CPU
		{BCEC4999-CAD9-4352-A5EB-16F1DDDE5EBA}.Debug|Any CPU.Build.0 = Debug|Any CPU
		{BCEC4999-CAD9-4352-A5EB-16F1DDDE5EBA}.Release|Any CPU.ActiveCfg = Release|Any CPU
		{BCEC4999-CAD9-4352-A5EB-16F1DDDE5EBA}.Release|Any CPU.Build.0 = Release|Any CPU
		{F62BACC1-CDEB-41EA-A44A-695247A9E161}.Debug|Any CPU.ActiveCfg = Debug|Any CPU
		{F62BACC1-CDEB-41EA-A44A-695247A9E161}.Debug|Any CPU.Build.0 = Debug|Any CPU
		{F62BACC1-CDEB-41EA-A44A-695247A9E161}.Release|Any CPU.ActiveCfg = Release|Any CPU
		{F62BACC1-CDEB-41EA-A44A-695247A9E161}.Release|Any CPU.Build.0 = Release|Any CPU
		{0D7FB9D1-8BB3-49F8-ACBA-1D39AA366663}.Debug|Any CPU.ActiveCfg = Debug|Any CPU
		{0D7FB9D1-8BB3-49F8-ACBA-1D39AA366663}.Debug|Any CPU.Build.0 = Debug|Any CPU
		{0D7FB9D1-8BB3-49F8-ACBA-1D39AA366663}.Release|Any CPU.ActiveCfg = Release|Any CPU
		{0D7FB9D1-8BB3-49F8-ACBA-1D39AA366663}.Release|Any CPU.Build.0 = Release|Any CPU
		{C88F2141-7C02-47E3-9875-7972F10F5FA7}.Debug|Any CPU.ActiveCfg = Debug|Any CPU
		{C88F2141-7C02-47E3-9875-7972F10F5FA7}.Debug|Any CPU.Build.0 = Debug|Any CPU
		{C88F2141-7C02-47E3-9875-7972F10F5FA7}.Release|Any CPU.ActiveCfg = Release|Any CPU
		{C88F2141-7C02-47E3-9875-7972F10F5FA7}.Release|Any CPU.Build.0 = Release|Any CPU
		{6ED02132-CF15-42C3-A8D6-DE33FCB037DD}.Debug|Any CPU.ActiveCfg = Debug|Any CPU
		{6ED02132-CF15-42C3-A8D6-DE33FCB037DD}.Debug|Any CPU.Build.0 = Debug|Any CPU
		{6ED02132-CF15-42C3-A8D6-DE33FCB037DD}.Release|Any CPU.ActiveCfg = Release|Any CPU
		{6ED02132-CF15-42C3-A8D6-DE33FCB037DD}.Release|Any CPU.Build.0 = Release|Any CPU
		{D6FE3350-7079-41D4-9CC6-C0A7D5122A8B}.Debug|Any CPU.ActiveCfg = Debug|Any CPU
		{D6FE3350-7079-41D4-9CC6-C0A7D5122A8B}.Debug|Any CPU.Build.0 = Debug|Any CPU
		{D6FE3350-7079-41D4-9CC6-C0A7D5122A8B}.Release|Any CPU.ActiveCfg = Release|Any CPU
		{D6FE3350-7079-41D4-9CC6-C0A7D5122A8B}.Release|Any CPU.Build.0 = Release|Any CPU
		{5FCDB862-9F9C-4BCC-AFAC-DC97E180EFC5}.Debug|Any CPU.ActiveCfg = Debug|Any CPU
		{5FCDB862-9F9C-4BCC-AFAC-DC97E180EFC5}.Debug|Any CPU.Build.0 = Debug|Any CPU
		{5FCDB862-9F9C-4BCC-AFAC-DC97E180EFC5}.Release|Any CPU.ActiveCfg = Release|Any CPU
		{5FCDB862-9F9C-4BCC-AFAC-DC97E180EFC5}.Release|Any CPU.Build.0 = Release|Any CPU
	EndGlobalSection
	GlobalSection(SolutionProperties) = preSolution
		HideSolutionNode = FALSE
	EndGlobalSection
	GlobalSection(ExtensibilityGlobals) = postSolution
		SolutionGuid = {BDCF742A-24C5-4293-BC8D-E4E23D674195}
	EndGlobalSection
EndGlobal
