
Microsoft Visual Studio Solution File, Format Version 12.00
# Visual Studio Version 16
VisualStudioVersion = 16.0.31702.278
MinimumVisualStudioVersion = 10.0.40219.1
Project("{FAE04EC0-301F-11D3-BF4B-00C04F79EFBC}") = "01.Cinema", "ConditionalStatementsAdvanced-Exercise\01.Cinema.csproj", "{F598C18E-BC9A-4114-A4DA-446F9B368D18}"
EndProject
Project("{FAE04EC0-301F-11D3-BF4B-00C04F79EFBC}") = "02.SummerOutfit", "02.SummerOutfit\02.SummerOutfit.csproj", "{4D8C9EBD-6EE8-43E1-814E-C3FED189C1A5}"
EndProject
Project("{FAE04EC0-301F-11D3-BF4B-00C04F79EFBC}") = "03.NewHouse", "03.NewHouse\03.NewHouse.csproj", "{234945CE-8CCF-4D9F-AC14-FED00497A799}"
EndProject
Project("{FAE04EC0-301F-11D3-BF4B-00C04F79EFBC}") = "04.FishingBoat", "04.FishingBoat\04.FishingBoat.csproj", "{0CC2ACF8-60D9-4CFE-B6F9-AD3EB10BAE66}"
EndProject
Project("{FAE04EC0-301F-11D3-BF4B-00C04F79EFBC}") = "05.Journey", "05.Journey\05.Journey.csproj", "{168C4AAC-39E1-4C62-8511-215209806A33}"
EndProject
Project("{FAE04EC0-301F-11D3-BF4B-00C04F79EFBC}") = "06.OperationsBetweenNumbers", "06.OperationsBetweenNumbers\06.OperationsBetweenNumbers.csproj", "{C0321B9B-0DBD-44FF-A8B6-C49A6472ED2B}"
EndProject
Project("{FAE04EC0-301F-11D3-BF4B-00C04F79EFBC}") = "07.HotelRoom", "07.HotelRoom\07.HotelRoom.csproj", "{D0C82037-C3C7-4EBE-9FF6-84111035575B}"
EndProject
Project("{FAE04EC0-301F-11D3-BF4B-00C04F79EFBC}") = "08.OnTimeForTheExam", "08.OnTimeForTheExam\08.OnTimeForTheExam.csproj", "{1B8941EB-025F-407C-B53E-5AA9D01EEBF4}"
EndProject
Project("{FAE04EC0-301F-11D3-BF4B-00C04F79EFBC}") = "09.SkiTrip", "09.SkiTrip\09.SkiTrip.csproj", "{1384B773-87A8-47D0-8EB1-D671AAF8110E}"
EndProject
Global
	GlobalSection(SolutionConfigurationPlatforms) = preSolution
		Debug|Any CPU = Debug|Any CPU
		Release|Any CPU = Release|Any CPU
	EndGlobalSection
	GlobalSection(ProjectConfigurationPlatforms) = postSolution
		{F598C18E-BC9A-4114-A4DA-446F9B368D18}.Debug|Any CPU.ActiveCfg = Debug|Any CPU
		{F598C18E-BC9A-4114-A4DA-446F9B368D18}.Debug|Any CPU.Build.0 = Debug|Any CPU
		{F598C18E-BC9A-4114-A4DA-446F9B368D18}.Release|Any CPU.ActiveCfg = Release|Any CPU
		{F598C18E-BC9A-4114-A4DA-446F9B368D18}.Release|Any CPU.Build.0 = Release|Any CPU
		{4D8C9EBD-6EE8-43E1-814E-C3FED189C1A5}.Debug|Any CPU.ActiveCfg = Debug|Any CPU
		{4D8C9EBD-6EE8-43E1-814E-C3FED189C1A5}.Debug|Any CPU.Build.0 = Debug|Any CPU
		{4D8C9EBD-6EE8-43E1-814E-C3FED189C1A5}.Release|Any CPU.ActiveCfg = Release|Any CPU
		{4D8C9EBD-6EE8-43E1-814E-C3FED189C1A5}.Release|Any CPU.Build.0 = Release|Any CPU
		{234945CE-8CCF-4D9F-AC14-FED00497A799}.Debug|Any CPU.ActiveCfg = Debug|Any CPU
		{234945CE-8CCF-4D9F-AC14-FED00497A799}.Debug|Any CPU.Build.0 = Debug|Any CPU
		{234945CE-8CCF-4D9F-AC14-FED00497A799}.Release|Any CPU.ActiveCfg = Release|Any CPU
		{234945CE-8CCF-4D9F-AC14-FED00497A799}.Release|Any CPU.Build.0 = Release|Any CPU
		{0CC2ACF8-60D9-4CFE-B6F9-AD3EB10BAE66}.Debug|Any CPU.ActiveCfg = Debug|Any CPU
		{0CC2ACF8-60D9-4CFE-B6F9-AD3EB10BAE66}.Debug|Any CPU.Build.0 = Debug|Any CPU
		{0CC2ACF8-60D9-4CFE-B6F9-AD3EB10BAE66}.Release|Any CPU.ActiveCfg = Release|Any CPU
		{0CC2ACF8-60D9-4CFE-B6F9-AD3EB10BAE66}.Release|Any CPU.Build.0 = Release|Any CPU
		{168C4AAC-39E1-4C62-8511-215209806A33}.Debug|Any CPU.ActiveCfg = Debug|Any CPU
		{168C4AAC-39E1-4C62-8511-215209806A33}.Debug|Any CPU.Build.0 = Debug|Any CPU
		{168C4AAC-39E1-4C62-8511-215209806A33}.Release|Any CPU.ActiveCfg = Release|Any CPU
		{168C4AAC-39E1-4C62-8511-215209806A33}.Release|Any CPU.Build.0 = Release|Any CPU
		{C0321B9B-0DBD-44FF-A8B6-C49A6472ED2B}.Debug|Any CPU.ActiveCfg = Debug|Any CPU
		{C0321B9B-0DBD-44FF-A8B6-C49A6472ED2B}.Debug|Any CPU.Build.0 = Debug|Any CPU
		{C0321B9B-0DBD-44FF-A8B6-C49A6472ED2B}.Release|Any CPU.ActiveCfg = Release|Any CPU
		{C0321B9B-0DBD-44FF-A8B6-C49A6472ED2B}.Release|Any CPU.Build.0 = Release|Any CPU
		{D0C82037-C3C7-4EBE-9FF6-84111035575B}.Debug|Any CPU.ActiveCfg = Debug|Any CPU
		{D0C82037-C3C7-4EBE-9FF6-84111035575B}.Debug|Any CPU.Build.0 = Debug|Any CPU
		{D0C82037-C3C7-4EBE-9FF6-84111035575B}.Release|Any CPU.ActiveCfg = Release|Any CPU
		{D0C82037-C3C7-4EBE-9FF6-84111035575B}.Release|Any CPU.Build.0 = Release|Any CPU
		{1B8941EB-025F-407C-B53E-5AA9D01EEBF4}.Debug|Any CPU.ActiveCfg = Debug|Any CPU
		{1B8941EB-025F-407C-B53E-5AA9D01EEBF4}.Debug|Any CPU.Build.0 = Debug|Any CPU
		{1B8941EB-025F-407C-B53E-5AA9D01EEBF4}.Release|Any CPU.ActiveCfg = Release|Any CPU
		{1B8941EB-025F-407C-B53E-5AA9D01EEBF4}.Release|Any CPU.Build.0 = Release|Any CPU
		{1384B773-87A8-47D0-8EB1-D671AAF8110E}.Debug|Any CPU.ActiveCfg = Debug|Any CPU
		{1384B773-87A8-47D0-8EB1-D671AAF8110E}.Debug|Any CPU.Build.0 = Debug|Any CPU
		{1384B773-87A8-47D0-8EB1-D671AAF8110E}.Release|Any CPU.ActiveCfg = Release|Any CPU
		{1384B773-87A8-47D0-8EB1-D671AAF8110E}.Release|Any CPU.Build.0 = Release|Any CPU
	EndGlobalSection
	GlobalSection(SolutionProperties) = preSolution
		HideSolutionNode = FALSE
	EndGlobalSection
	GlobalSection(ExtensibilityGlobals) = postSolution
		SolutionGuid = {0C194543-07BD-4547-BAFA-BA1C7E0655A3}
	EndGlobalSection
EndGlobal
