
Microsoft Visual Studio Solution File, Format Version 12.00
# Visual Studio Version 16
VisualStudioVersion = 16.0.31702.278
MinimumVisualStudioVersion = 10.0.40219.1
Project("{FAE04EC0-301F-11D3-BF4B-00C04F79EFBC}") = "01.NumbersFrom1To100", "ForLoop-Lab\01.NumbersFrom1To100.csproj", "{3092647B-A73B-4590-B8D9-08E1FF8A8928}"
EndProject
Project("{FAE04EC0-301F-11D3-BF4B-00C04F79EFBC}") = "02.NumbersFromNTo1", "02.NumbersFromNTo1\02.NumbersFromNTo1.csproj", "{C31D1F8D-CA00-4F05-80E5-C7663A1B4144}"
EndProject
Project("{FAE04EC0-301F-11D3-BF4B-00C04F79EFBC}") = "03.NumbersFrom1ToNWithStep3", "03.NumbersFrom1ToNWithStep3\03.NumbersFrom1ToNWithStep3.csproj", "{A081BC0D-8400-4AD3-83C9-3EC4FE43977A}"
EndProject
Project("{FAE04EC0-301F-11D3-BF4B-00C04F79EFBC}") = "04.EvenPowersOf2", "04.EvenPowersOf2\04.EvenPowersOf2.csproj", "{2F856584-2EDB-4612-8734-8A2415288F3E}"
EndProject
Project("{FAE04EC0-301F-11D3-BF4B-00C04F79EFBC}") = "05.CharacterSequence", "05.CharacterSequence\05.CharacterSequence.csproj", "{420190C8-53AC-41B7-A782-DF1267EBA895}"
EndProject
Project("{FAE04EC0-301F-11D3-BF4B-00C04F79EFBC}") = "06.VowelsSum", "06.VowelsSum\06.VowelsSum.csproj", "{3984A287-9DBA-4F8E-8573-79E587ED70E6}"
EndProject
Project("{FAE04EC0-301F-11D3-BF4B-00C04F79EFBC}") = "07.SumNumbers", "07.SumNumbers\07.SumNumbers.csproj", "{8182430D-D499-46B3-823B-A3D56CB156C7}"
EndProject
Project("{FAE04EC0-301F-11D3-BF4B-00C04F79EFBC}") = "08.NumberSequence", "08.NumberSequence\08.NumberSequence.csproj", "{20C7BFF9-FF3C-4605-B774-6E36A73124E7}"
EndProject
Project("{FAE04EC0-301F-11D3-BF4B-00C04F79EFBC}") = "09.LeftAndRightSum", "09.LeftAndRightSum\09.LeftAndRightSum.csproj", "{BF684592-A4D9-4F9B-983D-E28F76E8E607}"
EndProject
Project("{FAE04EC0-301F-11D3-BF4B-00C04F79EFBC}") = "10.OddEvenSum", "10.OddEvenSum\10.OddEvenSum.csproj", "{A28F208E-7E3A-4670-959E-16BAFD356276}"
EndProject
Global
	GlobalSection(SolutionConfigurationPlatforms) = preSolution
		Debug|Any CPU = Debug|Any CPU
		Release|Any CPU = Release|Any CPU
	EndGlobalSection
	GlobalSection(ProjectConfigurationPlatforms) = postSolution
		{3092647B-A73B-4590-B8D9-08E1FF8A8928}.Debug|Any CPU.ActiveCfg = Debug|Any CPU
		{3092647B-A73B-4590-B8D9-08E1FF8A8928}.Debug|Any CPU.Build.0 = Debug|Any CPU
		{3092647B-A73B-4590-B8D9-08E1FF8A8928}.Release|Any CPU.ActiveCfg = Release|Any CPU
		{3092647B-A73B-4590-B8D9-08E1FF8A8928}.Release|Any CPU.Build.0 = Release|Any CPU
		{C31D1F8D-CA00-4F05-80E5-C7663A1B4144}.Debug|Any CPU.ActiveCfg = Debug|Any CPU
		{C31D1F8D-CA00-4F05-80E5-C7663A1B4144}.Debug|Any CPU.Build.0 = Debug|Any CPU
		{C31D1F8D-CA00-4F05-80E5-C7663A1B4144}.Release|Any CPU.ActiveCfg = Release|Any CPU
		{C31D1F8D-CA00-4F05-80E5-C7663A1B4144}.Release|Any CPU.Build.0 = Release|Any CPU
		{A081BC0D-8400-4AD3-83C9-3EC4FE43977A}.Debug|Any CPU.ActiveCfg = Debug|Any CPU
		{A081BC0D-8400-4AD3-83C9-3EC4FE43977A}.Debug|Any CPU.Build.0 = Debug|Any CPU
		{A081BC0D-8400-4AD3-83C9-3EC4FE43977A}.Release|Any CPU.ActiveCfg = Release|Any CPU
		{A081BC0D-8400-4AD3-83C9-3EC4FE43977A}.Release|Any CPU.Build.0 = Release|Any CPU
		{2F856584-2EDB-4612-8734-8A2415288F3E}.Debug|Any CPU.ActiveCfg = Debug|Any CPU
		{2F856584-2EDB-4612-8734-8A2415288F3E}.Debug|Any CPU.Build.0 = Debug|Any CPU
		{2F856584-2EDB-4612-8734-8A2415288F3E}.Release|Any CPU.ActiveCfg = Release|Any CPU
		{2F856584-2EDB-4612-8734-8A2415288F3E}.Release|Any CPU.Build.0 = Release|Any CPU
		{420190C8-53AC-41B7-A782-DF1267EBA895}.Debug|Any CPU.ActiveCfg = Debug|Any CPU
		{420190C8-53AC-41B7-A782-DF1267EBA895}.Debug|Any CPU.Build.0 = Debug|Any CPU
		{420190C8-53AC-41B7-A782-DF1267EBA895}.Release|Any CPU.ActiveCfg = Release|Any CPU
		{420190C8-53AC-41B7-A782-DF1267EBA895}.Release|Any CPU.Build.0 = Release|Any CPU
		{3984A287-9DBA-4F8E-8573-79E587ED70E6}.Debug|Any CPU.ActiveCfg = Debug|Any CPU
		{3984A287-9DBA-4F8E-8573-79E587ED70E6}.Debug|Any CPU.Build.0 = Debug|Any CPU
		{3984A287-9DBA-4F8E-8573-79E587ED70E6}.Release|Any CPU.ActiveCfg = Release|Any CPU
		{3984A287-9DBA-4F8E-8573-79E587ED70E6}.Release|Any CPU.Build.0 = Release|Any CPU
		{8182430D-D499-46B3-823B-A3D56CB156C7}.Debug|Any CPU.ActiveCfg = Debug|Any CPU
		{8182430D-D499-46B3-823B-A3D56CB156C7}.Debug|Any CPU.Build.0 = Debug|Any CPU
		{8182430D-D499-46B3-823B-A3D56CB156C7}.Release|Any CPU.ActiveCfg = Release|Any CPU
		{8182430D-D499-46B3-823B-A3D56CB156C7}.Release|Any CPU.Build.0 = Release|Any CPU
		{20C7BFF9-FF3C-4605-B774-6E36A73124E7}.Debug|Any CPU.ActiveCfg = Debug|Any CPU
		{20C7BFF9-FF3C-4605-B774-6E36A73124E7}.Debug|Any CPU.Build.0 = Debug|Any CPU
		{20C7BFF9-FF3C-4605-B774-6E36A73124E7}.Release|Any CPU.ActiveCfg = Release|Any CPU
		{20C7BFF9-FF3C-4605-B774-6E36A73124E7}.Release|Any CPU.Build.0 = Release|Any CPU
		{BF684592-A4D9-4F9B-983D-E28F76E8E607}.Debug|Any CPU.ActiveCfg = Debug|Any CPU
		{BF684592-A4D9-4F9B-983D-E28F76E8E607}.Debug|Any CPU.Build.0 = Debug|Any CPU
		{BF684592-A4D9-4F9B-983D-E28F76E8E607}.Release|Any CPU.ActiveCfg = Release|Any CPU
		{BF684592-A4D9-4F9B-983D-E28F76E8E607}.Release|Any CPU.Build.0 = Release|Any CPU
		{A28F208E-7E3A-4670-959E-16BAFD356276}.Debug|Any CPU.ActiveCfg = Debug|Any CPU
		{A28F208E-7E3A-4670-959E-16BAFD356276}.Debug|Any CPU.Build.0 = Debug|Any CPU
		{A28F208E-7E3A-4670-959E-16BAFD356276}.Release|Any CPU.ActiveCfg = Release|Any CPU
		{A28F208E-7E3A-4670-959E-16BAFD356276}.Release|Any CPU.Build.0 = Release|Any CPU
	EndGlobalSection
	GlobalSection(SolutionProperties) = preSolution
		HideSolutionNode = FALSE
	EndGlobalSection
	GlobalSection(ExtensibilityGlobals) = postSolution
		SolutionGuid = {E2F65352-5126-4D74-B300-8C69DF4F9C47}
	EndGlobalSection
EndGlobal
