
Microsoft Visual Studio Solution File, Format Version 12.00
# Visual Studio Version 16
VisualStudioVersion = 16.0.31702.278
MinimumVisualStudioVersion = 10.0.40219.1
Project("{9A19103F-16F7-4668-BE54-9A1E7A4F7556}") = "01.OldBooks", "01.OldBooks\01.OldBooks.csproj", "{7B5265D4-4568-48EB-BFB5-3B8B298995D7}"
EndProject
Project("{FAE04EC0-301F-11D3-BF4B-00C04F79EFBC}") = "02.ExamPreparation", "02.ExamPreparation\02.ExamPreparation.csproj", "{61677A81-89C6-46FB-9153-8BB24756B06E}"
EndProject
Project("{FAE04EC0-301F-11D3-BF4B-00C04F79EFBC}") = "03.Vacation", "03.Vacation\03.Vacation.csproj", "{04D267C0-C335-44C2-AFE7-7608B43CB4D5}"
EndProject
Project("{FAE04EC0-301F-11D3-BF4B-00C04F79EFBC}") = "04.Walking", "04.Walking\04.Walking.csproj", "{C1529130-4405-4E36-88D8-A1DA9F2D9044}"
EndProject
Global
	GlobalSection(SolutionConfigurationPlatforms) = preSolution
		Debug|Any CPU = Debug|Any CPU
		Release|Any CPU = Release|Any CPU
	EndGlobalSection
	GlobalSection(ProjectConfigurationPlatforms) = postSolution
		{7B5265D4-4568-48EB-BFB5-3B8B298995D7}.Debug|Any CPU.ActiveCfg = Debug|Any CPU
		{7B5265D4-4568-48EB-BFB5-3B8B298995D7}.Debug|Any CPU.Build.0 = Debug|Any CPU
		{7B5265D4-4568-48EB-BFB5-3B8B298995D7}.Release|Any CPU.ActiveCfg = Release|Any CPU
		{7B5265D4-4568-48EB-BFB5-3B8B298995D7}.Release|Any CPU.Build.0 = Release|Any CPU
		{61677A81-89C6-46FB-9153-8BB24756B06E}.Debug|Any CPU.ActiveCfg = Debug|Any CPU
		{61677A81-89C6-46FB-9153-8BB24756B06E}.Debug|Any CPU.Build.0 = Debug|Any CPU
		{61677A81-89C6-46FB-9153-8BB24756B06E}.Release|Any CPU.ActiveCfg = Release|Any CPU
		{61677A81-89C6-46FB-9153-8BB24756B06E}.Release|Any CPU.Build.0 = Release|Any CPU
		{04D267C0-C335-44C2-AFE7-7608B43CB4D5}.Debug|Any CPU.ActiveCfg = Debug|Any CPU
		{04D267C0-C335-44C2-AFE7-7608B43CB4D5}.Debug|Any CPU.Build.0 = Debug|Any CPU
		{04D267C0-C335-44C2-AFE7-7608B43CB4D5}.Release|Any CPU.ActiveCfg = Release|Any CPU
		{04D267C0-C335-44C2-AFE7-7608B43CB4D5}.Release|Any CPU.Build.0 = Release|Any CPU
		{C1529130-4405-4E36-88D8-A1DA9F2D9044}.Debug|Any CPU.ActiveCfg = Debug|Any CPU
		{C1529130-4405-4E36-88D8-A1DA9F2D9044}.Debug|Any CPU.Build.0 = Debug|Any CPU
		{C1529130-4405-4E36-88D8-A1DA9F2D9044}.Release|Any CPU.ActiveCfg = Release|Any CPU
		{C1529130-4405-4E36-88D8-A1DA9F2D9044}.Release|Any CPU.Build.0 = Release|Any CPU
	EndGlobalSection
	GlobalSection(SolutionProperties) = preSolution
		HideSolutionNode = FALSE
	EndGlobalSection
	GlobalSection(ExtensibilityGlobals) = postSolution
		SolutionGuid = {8906F359-D8A3-4468-ACFA-C6CFB7C3B556}
	EndGlobalSection
EndGlobal
