
Microsoft Visual Studio Solution File, Format Version 12.00
# Visual Studio Version 16
VisualStudioVersion = 16.0.31702.278
MinimumVisualStudioVersion = 10.0.40219.1
Project("{FAE04EC0-301F-11D3-BF4B-00C04F79EFBC}") = "09.WhileLoop-Lab", "09.WhileLoop-Lab\09.WhileLoop-Lab.csproj", "{2A7DC0EE-582C-4B02-9458-C8DF6ABE2B25}"
EndProject
Project("{FAE04EC0-301F-11D3-BF4B-00C04F79EFBC}") = "02.Password", "02.Password\02.Password.csproj", "{771BE9F1-A996-4EB0-B2D6-C1696831180B}"
EndProject
Global
	GlobalSection(SolutionConfigurationPlatforms) = preSolution
		Debug|Any CPU = Debug|Any CPU
		Release|Any CPU = Release|Any CPU
	EndGlobalSection
	GlobalSection(ProjectConfigurationPlatforms) = postSolution
		{2A7DC0EE-582C-4B02-9458-C8DF6ABE2B25}.Debug|Any CPU.ActiveCfg = Debug|Any CPU
		{2A7DC0EE-582C-4B02-9458-C8DF6ABE2B25}.Debug|Any CPU.Build.0 = Debug|Any CPU
		{2A7DC0EE-582C-4B02-9458-C8DF6ABE2B25}.Release|Any CPU.ActiveCfg = Release|Any CPU
		{2A7DC0EE-582C-4B02-9458-C8DF6ABE2B25}.Release|Any CPU.Build.0 = Release|Any CPU
		{771BE9F1-A996-4EB0-B2D6-C1696831180B}.Debug|Any CPU.ActiveCfg = Debug|Any CPU
		{771BE9F1-A996-4EB0-B2D6-C1696831180B}.Debug|Any CPU.Build.0 = Debug|Any CPU
		{771BE9F1-A996-4EB0-B2D6-C1696831180B}.Release|Any CPU.ActiveCfg = Release|Any CPU
		{771BE9F1-A996-4EB0-B2D6-C1696831180B}.Release|Any CPU.Build.0 = Release|Any CPU
	EndGlobalSection
	GlobalSection(SolutionProperties) = preSolution
		HideSolutionNode = FALSE
	EndGlobalSection
	GlobalSection(ExtensibilityGlobals) = postSolution
		SolutionGuid = {0136C770-419D-4948-9208-FCD37CDEC436}
	EndGlobalSection
EndGlobal
